# This file is automatically @generated by Cargo.
# It is not intended for manual editing.
version = 4

[[package]]
name = "bank-projection"
version = "0.1.0"
dependencies = [
 "bil-core",
]

[[package]]
name = "bil-analyzer"
version = "0.1.0"

[[package]]
name = "bil-codec"
version = "0.1.0"
dependencies = [
 "bil-core",
]

[[package]]
name = "bil-core"
version = "0.1.0"

[[package]]
name = "bil-crypto"
version = "0.1.0"
dependencies = [
 "bil-codec",
 "bil-core",
]

[[package]]
name = "hex"
version = "0.4.3"
source = "registry+https://github.com/rust-lang/crates.io-index"
checksum = "7f24254aa9a54b5c858eaee2f5bccdb46aaf0e486a595ed5fd8f86ba55232a70"

[[package]]
name = "insurance-projection"
version = "0.1.0"
dependencies = [
 "bil-core",
]

[[package]]
name = "legal-projection"
version = "0.1.0"
dependencies = [
 "bil-core",
]

[[package]]
name = "projection-demo"
version = "0.1.0"
dependencies = [
 "bank-projection",
 "bil-core",
 "bil-crypto",
 "hex",
 "insurance-projection",
 "legal-projection",
]
