# This file is automatically @generated by Cargo.
# It is not intended for manual editing.
version = 4

[[package]]
name = "bank-projection"
version = "0.1.0"
dependencies = [
 "bil-core",
]

[[package]]
name = "bil-analyzer"
version = "0.1.0"

[[package]]
name = "bil-codec"
version = "0.1.0"

[[package]]
name = "bil-core"
version = "0.1.0"

[[package]]
name = "bil-crypto"
version = "0.1.0"

[[package]]
name = "insurance-projection"
version = "0.1.0"
dependencies = [
 "bil-core",
]

[[package]]
name = "legal-projection"
version = "0.1.0"
dependencies = [
 "bil-core",
]
